
Microsoft Visual Studio Solution File, Format Version 12.00
# Visual Studio Version 17
VisualStudioVersion = 17.5.002.0
MinimumVisualStudioVersion = 10.0.40219.1
Project("{2150E333-8FDC-42A3-9474-1A3956D46DE8}") = "Workflow", "Workflow", "{F8249F2D-E85E-4023-AB54-B6011AD83A1A}"
EndProject
Project("{2150E333-8FDC-42A3-9474-1A3956D46DE8}") = "CsharpProjects", "CsharpProjects", "{C01B7E94-6A1B-4148-BFCB-F2EA3FB5C5F6}"
EndProject
Project("{9A19103F-16F7-4668-BE54-9A1E7A4F7556}") = "TestProject", "Workflow\CsharpProjects\TestProject\TestProject.csproj", "{E5B56452-8385-4FA5-9108-4F943367BDD2}"
EndProject
Global
	GlobalSection(SolutionConfigurationPlatforms) = preSolution
		Debug|Any CPU = Debug|Any CPU
		Release|Any CPU = Release|Any CPU
	EndGlobalSection
	GlobalSection(ProjectConfigurationPlatforms) = postSolution
		{E5B56452-8385-4FA5-9108-4F943367BDD2}.Debug|Any CPU.ActiveCfg = Debug|Any CPU
		{E5B56452-8385-4FA5-9108-4F943367BDD2}.Debug|Any CPU.Build.0 = Debug|Any CPU
		{E5B56452-8385-4FA5-9108-4F943367BDD2}.Release|Any CPU.ActiveCfg = Release|Any CPU
		{E5B56452-8385-4FA5-9108-4F943367BDD2}.Release|Any CPU.Build.0 = Release|Any CPU
	EndGlobalSection
	GlobalSection(SolutionProperties) = preSolution
		HideSolutionNode = FALSE
	EndGlobalSection
	GlobalSection(NestedProjects) = preSolution
		{C01B7E94-6A1B-4148-BFCB-F2EA3FB5C5F6} = {F8249F2D-E85E-4023-AB54-B6011AD83A1A}
		{E5B56452-8385-4FA5-9108-4F943367BDD2} = {C01B7E94-6A1B-4148-BFCB-F2EA3FB5C5F6}
	EndGlobalSection
	GlobalSection(ExtensibilityGlobals) = postSolution
		SolutionGuid = {771EF227-90D6-4EE8-B4B8-E3019C63B618}
	EndGlobalSection
EndGlobal
